
Microsoft Visual Studio Solution File, Format Version 12.00
# Visual Studio Version 17
VisualStudioVersion = 17.3.32825.248
MinimumVisualStudioVersion = 10.0.40219.1
Project("{FAE04EC0-301F-11D3-BF4B-00C04F79EFBC}") = "Nhom4", "Nhom4.csproj", "{1D751202-7B42-4BCA-97A0-9124E42F4287}"
EndProject
Global
	GlobalSection(SolutionConfigurationPlatforms) = preSolution
		Debug|Any CPU = Debug|Any CPU
		Release|Any CPU = Release|Any CPU
	EndGlobalSection
	GlobalSection(ProjectConfigurationPlatforms) = postSolution
		{1D751202-7B42-4BCA-97A0-9124E42F4287}.Debug|Any CPU.ActiveCfg = Debug|Any CPU
		{1D751202-7B42-4BCA-97A0-9124E42F4287}.Debug|Any CPU.Build.0 = Debug|Any CPU
		{1D751202-7B42-4BCA-97A0-9124E42F4287}.Release|Any CPU.ActiveCfg = Release|Any CPU
		{1D751202-7B42-4BCA-97A0-9124E42F4287}.Release|Any CPU.Build.0 = Release|Any CPU
	EndGlobalSection
	GlobalSection(SolutionProperties) = preSolution
		HideSolutionNode = FALSE
	EndGlobalSection
	GlobalSection(ExtensibilityGlobals) = postSolution
		SolutionGuid = {7A2BE5C0-46FE-41D1-AE79-F31966B4C7C4}
	EndGlobalSection
EndGlobal
